// !$*UTF8*$!
{
	archiveVersion = 1;
	classes = {
	};
	objectVersion = 50;
	objects = {

/* Begin PBXBuildFile section */
		C27D17A925BF7D040024C91A /* AppDelegate.swift in Sources */ = {isa = PBXBuildFile; fileRef = C27D17A825BF7D040024C91A /* AppDelegate.swift */; };
		C27D17AB25BF7D040024C91A /* SceneDelegate.swift in Sources */ = {isa = PBXBuildFile; fileRef = C27D17AA25BF7D040024C91A /* SceneDelegate.swift */; };
		C27D17AD25BF7D040024C91A /* ViewController.swift in Sources */ = {isa = PBXBuildFile; fileRef = C27D17AC25BF7D040024C91A /* ViewController.swift */; };
		C27D17B025BF7D040024C91A /* Main.storyboard in Resources */ = {isa = PBXBuildFile; fileRef = C27D17AE25BF7D040024C91A /* Main.storyboard */; };
		C27D17B225BF7D060024C91A /* Assets.xcassets in Resources */ = {isa = PBXBuildFile; fileRef = C27D17B125BF7D060024C91A /* Assets.xcassets */; };
		C27D17B525BF7D060024C91A /* LaunchScreen.storyboard in Resources */ = {isa = PBXBuildFile; fileRef = C27D17B325BF7D060024C91A /* LaunchScreen.storyboard */; };
/* End PBXBuildFile section */

/* Begin PBXFileReference section */
		C27D17A525BF7D040024C91A /* Nogrammers-ios.app */ = {isa = PBXFileReference; explicitFileType = wrapper.application; includeInIndex = 0; path = "Nogrammers-ios.app"; sourceTree = BUILT_PRODUCTS_DIR; };
		C27D17A825BF7D040024C91A /* AppDelegate.swift */ = {isa = PBXFileReference; lastKnownFileType = sourcecode.swift; path = AppDelegate.swift; sourceTree = "<group>"; };
		C27D17AA25BF7D040024C91A /* SceneDelegate.swift */ = {isa = PBXFileReference; lastKnownFileType = sourcecode.swift; path = SceneDelegate.swift; sourceTree = "<group>"; };
		C27D17AC25BF7D040024C91A /* ViewController.swift */ = {isa = PBXFileReference; lastKnownFileType = sourcecode.swift; path = ViewController.swift; sourceTree = "<group>"; };
		C27D17AF25BF7D040024C91A /* Base */ = {isa = PBXFileReference; lastKnownFileType = file.storyboard; name = Base; path = Base.lproj/Main.storyboard; sourceTree = "<group>"; };
		C27D17B125BF7D060024C91A /* Assets.xcassets */ = {isa = PBXFileReference; lastKnownFileType = folder.assetcatalog; path = Assets.xcassets; sourceTree = "<group>"; };
		C27D17B425BF7D060024C91A /* Base */ = {isa = PBXFileReference; lastKnownFileType = file.storyboard; name = Base; path = Base.lproj/LaunchScreen.storyboard; sourceTree = "<group>"; };
		C27D17B625BF7D060024C91A /* Info.plist */ = {isa = PBXFileReference; lastKnownFileType = text.plist.xml; path = Info.plist; sourceTree = "<group>"; };
/* End PBXFileReference section */

/* Begin PBXFrameworksBuildPhase section */
		C27D17A225BF7D040024C91A /* Frameworks */ = {
			isa = PBXFrameworksBuildPhase;
			buildActionMask = 2147483647;
			files = (
			);
			runOnlyForDeploymentPostprocessing = 0;
		};
/* End PBXFrameworksBuildPhase section */

/* Begin PBXGroup section */
		C27D179C25BF7D040024C91A = {
			isa = PBXGroup;
			children = (
				C27D17A725BF7D040024C91A /* Nogrammers-ios */,
				C27D17A625BF7D040024C91A /* Products */,
			);
			sourceTree = "<group>";
		};
		C27D17A625BF7D040024C91A /* Products */ = {
			isa = PBXGroup;
			children = (
				C27D17A525BF7D040024C91A /* Nogrammers-ios.app */,
			);
			name = Products;
			sourceTree = "<group>";
		};
		C27D17A725BF7D040024C91A /* Nogrammers-ios */ = {
			isa = PBXGroup;
			children = (
				C27D17A825BF7D040024C91A /* AppDelegate.swift */,
				C27D17AA25BF7D040024C91A /* SceneDelegate.swift */,
				C27D17AC25BF7D040024C91A /* ViewController.swift */,
				C27D17AE25BF7D040024C91A /* Main.storyboard */,
				C27D17B125BF7D060024C91A /* Assets.xcassets */,
				C27D17B325BF7D060024C91A /* LaunchScreen.storyboard */,
				C27D17B625BF7D060024C91A /* Info.plist */,
			);
			path = "Nogrammers-ios";
			sourceTree = "<group>";
		};
/* End PBXGroup section */

/* Begin PBXNativeTarget section */
		C27D17A425BF7D040024C91A /* Nogrammers-ios */ = {
			isa = PBXNativeTarget;
			buildConfigurationList = C27D17B925BF7D060024C91A /* Build configuration list for PBXNativeTarget "Nogrammers-ios" */;
			buildPhases = (
				C27D17A125BF7D040024C91A /* Sources */,
				C27D17A225BF7D040024C91A /* Frameworks */,
				C27D17A325BF7D040024C91A /* Resources */,
			);
			buildRules = (
			);
			dependencies = (
			);
			name = "Nogrammers-ios";
			productName = "Nogrammers-ios";
			productReference = C27D17A525BF7D040024C91A /* Nogrammers-ios.app */;
			productType = "com.apple.product-type.application";
		};
/* End PBXNativeTarget section */

/* Begin PBXProject section */
		C27D179D25BF7D040024C91A /* Project object */ = {
			isa = PBXProject;
			attributes = {
				LastSwiftUpdateCheck = 1230;
				LastUpgradeCheck = 1230;
				TargetAttributes = {
					C27D17A425BF7D040024C91A = {
						CreatedOnToolsVersion = 12.3;
					};
				};
			};
			buildConfigurationList = C27D17A025BF7D040024C91A /* Build configuration list for PBXProject "Nogrammers-ios" */;
			compatibilityVersion = "Xcode 9.3";
			developmentRegion = en;
			hasScannedForEncodings = 0;
			knownRegions = (
				en,
				Base,
			);
			mainGroup = C27D179C25BF7D040024C91A;
			productRefGroup = C27D17A625BF7D040024C91A /* Products */;
			projectDirPath = "";
			projectRoot = "";
			targets = (
				C27D17A425BF7D040024C91A /* Nogrammers-ios */,
			);
		};
/* End PBXProject section */

/* Begin PBXResourcesBuildPhase section */
		C27D17A325BF7D040024C91A /* Resources */ = {
			isa = PBXResourcesBuildPhase;
			buildActionMask = 2147483647;
			files = (
				C27D17B525BF7D060024C91A /* LaunchScreen.storyboard in Resources */,
				C27D17B225BF7D060024C91A /* Assets.xcassets in Resources */,
				C27D17B025BF7D040024C91A /* Main.storyboard in Resources */,
			);
			runOnlyForDeploymentPostprocessing = 0;
		};
/* End PBXResourcesBuildPhase section */

/* Begin PBXSourcesBuildPhase section */
		C27D17A125BF7D040024C91A /* Sources */ = {
			isa = PBXSourcesBuildPhase;
			buildActionMask = 2147483647;
			files = (
				C27D17AD25BF7D040024C91A /* ViewController.swift in Sources */,
				C27D17A925BF7D040024C91A /* AppDelegate.swift in Sources */,
				C27D17AB25BF7D040024C91A /* SceneDelegate.swift in Sources */,
			);
			runOnlyForDeploymentPostprocessing = 0;
		};
/* End PBXSourcesBuildPhase section */

/* Begin PBXVariantGroup section */
		C27D17AE25BF7D040024C91A /* Main.storyboard */ = {
			isa = PBXVariantGroup;
			children = (
				C27D17AF25BF7D040024C91A /* Base */,
			);
			name = Main.storyboard;
			sourceTree = "<group>";
		};
		C27D17B325BF7D060024C91A /* LaunchScreen.storyboard */ = {
			isa = PBXVariantGroup;
			children = (
				C27D17B425BF7D060024C91A /* Base */,
			);
			name = LaunchScreen.storyboard;
			sourceTree = "<group>";
		};
/* End PBXVariantGroup section */

/* Begin XCBuildConfiguration section */
		C27D17B725BF7D060024C91A /* Debug */ = {
			isa = XCBuildConfiguration;
			buildSettings = {
				ALWAYS_SEARCH_USER_PATHS = NO;
				CLANG_ANALYZER_NONNULL = YES;
				CLANG_ANALYZER_NUMBER_OBJECT_CONVERSION = YES_AGGRESSIVE;
				CLANG_CXX_LANGUAGE_STANDARD = "gnu++14";
				CLANG_CXX_LIBRARY = "libc++";
				CLANG_ENABLE_MODULES = YES;
				CLANG_ENABLE_OBJC_ARC = YES;
				CLANG_ENABLE_OBJC_WEAK = YES;
				CLANG_WARN_BLOCK_CAPTURE_AUTORELEASING = YES;
				CLANG_WARN_BOOL_CONVERSION = YES;
				CLANG_WARN_COMMA = YES;
				CLANG_WARN_CONSTANT_CONVERSION = YES;
				CLANG_WARN_DEPRECATED_OBJC_IMPLEMENTATIONS = YES;
				CLANG_WARN_DIRECT_OBJC_ISA_USAGE = YES_ERROR;
				CLANG_WARN_DOCUMENTATION_COMMENTS = YES;
				CLANG_WARN_EMPTY_BODY = YES;
				CLANG_WARN_ENUM_CONVERSION = YES;
				CLANG_WARN_INFINITE_RECURSION = YES;
				CLANG_WARN_INT_CONVERSION = YES;
				CLANG_WARN_NON_LITERAL_NULL_CONVERSION = YES;
				CLANG_WARN_OBJC_IMPLICIT_RETAIN_SELF = YES;
				CLANG_WARN_OBJC_LITERAL_CONVERSION = YES;
				CLANG_WARN_OBJC_ROOT_CLASS = YES_ERROR;
				CLANG_WARN_QUOTED_INCLUDE_IN_FRAMEWORK_HEADER = YES;
				CLANG_WARN_RANGE_LOOP_ANALYSIS = YES;
				CLANG_WARN_STRICT_PROTOTYPES = YES;
				CLANG_WARN_SUSPICIOUS_MOVE = YES;
				CLANG_WARN_UNGUARDED_AVAILABILITY = YES_AGGRESSIVE;
				CLANG_WARN_UNREACHABLE_CODE = YES;
				CLANG_WARN__DUPLICATE_METHOD_MATCH = YES;
				COPY_PHASE_STRIP = NO;
				DEBUG_INFORMATION_FORMAT = dwarf;
				ENABLE_STRICT_OBJC_MSGSEND = YES;
				ENABLE_TESTABILITY = YES;
				GCC_C_LANGUAGE_STANDARD = gnu11;
				GCC_DYNAMIC_NO_PIC = NO;
				GCC_NO_COMMON_BLOCKS = YES;
				GCC_OPTIMIZATION_LEVEL = 0;
				GCC_PREPROCESSOR_DEFINITIONS = (
					"DEBUG=1",
					"$(inherited)",
				);
				GCC_WARN_64_TO_32_BIT_CONVERSION = YES;
				GCC_WARN_ABOUT_RETURN_TYPE = YES_ERROR;
				GCC_WARN_UNDECLARED_SELECTOR = YES;
				GCC_WARN_UNINITIALIZED_AUTOS = YES_AGGRESSIVE;
				GCC_WARN_UNUSED_FUNCTION = YES;
				GCC_WARN_UNUSED_VARIABLE = YES;
				IPHONEOS_DEPLOYMENT_TARGET = 14.3;
				MTL_ENABLE_DEBUG_INFO = INCLUDE_SOURCE;
				MTL_FAST_MATH = YES;
				ONLY_ACTIVE_ARCH = YES;
				SDKROOT = iphoneos;
				SWIFT_ACTIVE_COMPILATION_CONDITIONS = DEBUG;
				SWIFT_OPTIMIZATION_LEVEL = "-Onone";
			};
			name = Debug;
		};
		C27D17B825BF7D060024C91A /* Release */ = {
			isa = XCBuildConfiguration;
			buildSettings = {
				ALWAYS_SEARCH_USER_PATHS = NO;
				CLANG_ANALYZER_NONNULL = YES;
				CLANG_ANALYZER_NUMBER_OBJECT_CONVERSION = YES_AGGRESSIVE;
				CLANG_CXX_LANGUAGE_STANDARD = "gnu++14";
				CLANG_CXX_LIBRARY = "libc++";
				CLANG_ENABLE_MODULES = YES;
				CLANG_ENABLE_OBJC_ARC = YES;
				CLANG_ENABLE_OBJC_WEAK = YES;
				CLANG_WARN_BLOCK_CAPTURE_AUTORELEASING = YES;
				CLANG_WARN_BOOL_CONVERSION = YES;
				CLANG_WARN_COMMA = YES;
				CLANG_WARN_CONSTANT_CONVERSION = YES;
				CLANG_WARN_DEPRECATED_OBJC_IMPLEMENTATIONS = YES;
				CLANG_WARN_DIRECT_OBJC_ISA_USAGE = YES_ERROR;
				CLANG_WARN_DOCUMENTATION_COMMENTS = YES;
				CLANG_WARN_EMPTY_BODY = YES;
				CLANG_WARN_ENUM_CONVERSION = YES;
				CLANG_WARN_INFINITE_RECURSION = YES;
				CLANG_WARN_INT_CONVERSION = YES;
				CLANG_WARN_NON_LITERAL_NULL_CONVERSION = YES;
				CLANG_WARN_OBJC_IMPLICIT_RETAIN_SELF = YES;
				CLANG_WARN_OBJC_LITERAL_CONVERSION = YES;
				CLANG_WARN_OBJC_ROOT_CLASS = YES_ERROR;
				CLANG_WARN_QUOTED_INCLUDE_IN_FRAMEWORK_HEADER = YES;
				CLANG_WARN_RANGE_LOOP_ANALYSIS = YES;
				CLANG_WARN_STRICT_PROTOTYPES = YES;
				CLANG_WARN_SUSPICIOUS_MOVE = YES;
				CLANG_WARN_UNGUARDED_AVAILABILITY = YES_AGGRESSIVE;
				CLANG_WARN_UNREACHABLE_CODE = YES;
				CLANG_WARN__DUPLICATE_METHOD_MATCH = YES;
				COPY_PHASE_STRIP = NO;
				DEBUG_INFORMATION_FORMAT = "dwarf-with-dsym";
				ENABLE_NS_ASSERTIONS = NO;
				ENABLE_STRICT_OBJC_MSGSEND = YES;
				GCC_C_LANGUAGE_STANDARD = gnu11;
				GCC_NO_COMMON_BLOCKS = YES;
				GCC_WARN_64_TO_32_BIT_CONVERSION = YES;
				GCC_WARN_ABOUT_RETURN_TYPE = YES_ERROR;
				GCC_WARN_UNDECLARED_SELECTOR = YES;
				GCC_WARN_UNINITIALIZED_AUTOS = YES_AGGRESSIVE;
				GCC_WARN_UNUSED_FUNCTION = YES;
				GCC_WARN_UNUSED_VARIABLE = YES;
				IPHONEOS_DEPLOYMENT_TARGET = 14.3;
				MTL_ENABLE_DEBUG_INFO = NO;
				MTL_FAST_MATH = YES;
				SDKROOT = iphoneos;
				SWIFT_COMPILATION_MODE = wholemodule;
				SWIFT_OPTIMIZATION_LEVEL = "-O";
				VALIDATE_PRODUCT = YES;
			};
			name = Release;
		};
		C27D17BA25BF7D060024C91A /* Debug */ = {
			isa = XCBuildConfiguration;
			buildSettings = {
				ASSETCATALOG_COMPILER_APPICON_NAME = AppIcon;
				ASSETCATALOG_COMPILER_GLOBAL_ACCENT_COLOR_NAME = AccentColor;
				CODE_SIGN_STYLE = Automatic;
				DEVELOPMENT_TEAM = 2Y2353RSW5;
				INFOPLIST_FILE = "Nogrammers-ios/Info.plist";
				LD_RUNPATH_SEARCH_PATHS = (
					"$(inherited)",
					"@executable_path/Frameworks",
				);
				PRODUCT_BUNDLE_IDENTIFIER = "com.duncanapp.Nogrammers-ios";
				PRODUCT_NAME = "$(TARGET_NAME)";
				SWIFT_VERSION = 5.0;
				TARGETED_DEVICE_FAMILY = "1,2";
			};
			name = Debug;
		};
		C27D17BB25BF7D060024C91A /* Release */ = {
			isa = XCBuildConfiguration;
			buildSettings = {
				ASSETCATALOG_COMPILER_APPICON_NAME = AppIcon;
				ASSETCATALOG_COMPILER_GLOBAL_ACCENT_COLOR_NAME = AccentColor;
				CODE_SIGN_STYLE = Automatic;
				DEVELOPMENT_TEAM = 2Y2353RSW5;
				INFOPLIST_FILE = "Nogrammers-ios/Info.plist";
				LD_RUNPATH_SEARCH_PATHS = (
					"$(inherited)",
					"@executable_path/Frameworks",
				);
				PRODUCT_BUNDLE_IDENTIFIER = "com.duncanapp.Nogrammers-ios";
				PRODUCT_NAME = "$(TARGET_NAME)";
				SWIFT_VERSION = 5.0;
				TARGETED_DEVICE_FAMILY = "1,2";
			};
			name = Release;
		};
/* End XCBuildConfiguration section */

/* Begin XCConfigurationList section */
		C27D17A025BF7D040024C91A /* Build configuration list for PBXProject "Nogrammers-ios" */ = {
			isa = XCConfigurationList;
			buildConfigurations = (
				C27D17B725BF7D060024C91A /* Debug */,
				C27D17B825BF7D060024C91A /* Release */,
			);
			defaultConfigurationIsVisible = 0;
			defaultConfigurationName = Release;
		};
		C27D17B925BF7D060024C91A /* Build configuration list for PBXNativeTarget "Nogrammers-ios" */ = {
			isa = XCConfigurationList;
			buildConfigurations = (
				C27D17BA25BF7D060024C91A /* Debug */,
				C27D17BB25BF7D060024C91A /* Release */,
			);
			defaultConfigurationIsVisible = 0;
			defaultConfigurationName = Release;
		};
/* End XCConfigurationList section */
	};
	rootObject = C27D179D25BF7D040024C91A /* Project object */;
}
